
Microsoft Visual Studio Solution File, Format Version 12.00
# Visual Studio 2012
Project("{8BC9CEB8-8B4A-11D0-8D11-00A0C91BC942}") = "CEGUIBase", "CEGUIBase\CEGUIBase.vcxproj", "{CA8F813F-687C-47F5-93B4-79B9AC28C9AE}"
EndProject
Project("{8BC9CEB8-8B4A-11D0-8D11-00A0C91BC942}") = "CEGUIExpatParser", "CEGUIExpatParser\CEGUIExpatParser.vcxproj", "{1E3131A5-1AA5-41B5-ABFB-02302FFEA79B}"
	ProjectSection(ProjectDependencies) = postProject
		{CA8F813F-687C-47F5-93B4-79B9AC28C9AE} = {CA8F813F-687C-47F5-93B4-79B9AC28C9AE}
	EndProjectSection
EndProject
Project("{8BC9CEB8-8B4A-11D0-8D11-00A0C91BC942}") = "CEGUISILLYImageCodec", "CEGUISILLYImageCodec\CEGUISILLYImageCodec.vcxproj", "{162BF7DF-C8D1-499B-92D5-29F6F1A49DA0}"
	ProjectSection(ProjectDependencies) = postProject
		{1E3131A5-1AA5-41B5-ABFB-02302FFEA79B} = {1E3131A5-1AA5-41B5-ABFB-02302FFEA79B}
	EndProjectSection
EndProject
Project("{8BC9CEB8-8B4A-11D0-8D11-00A0C91BC942}") = "CEGUIClient", "CEGUIClient\CEGUIClient.vcxproj", "{6356A86F-5DD8-4E6C-B72A-D1F0D3C55539}"
	ProjectSection(ProjectDependencies) = postProject
		{162BF7DF-C8D1-499B-92D5-29F6F1A49DA0} = {162BF7DF-C8D1-499B-92D5-29F6F1A49DA0}
	EndProjectSection
EndProject
Global
	GlobalSection(SolutionConfigurationPlatforms) = preSolution
		Debug|Win32 = Debug|Win32
		Release|Win32 = Release|Win32
	EndGlobalSection
	GlobalSection(ProjectConfigurationPlatforms) = postSolution
		{CA8F813F-687C-47F5-93B4-79B9AC28C9AE}.Debug|Win32.ActiveCfg = Debug|Win32
		{CA8F813F-687C-47F5-93B4-79B9AC28C9AE}.Debug|Win32.Build.0 = Debug|Win32
		{CA8F813F-687C-47F5-93B4-79B9AC28C9AE}.Release|Win32.ActiveCfg = Release|Win32
		{CA8F813F-687C-47F5-93B4-79B9AC28C9AE}.Release|Win32.Build.0 = Release|Win32
		{1E3131A5-1AA5-41B5-ABFB-02302FFEA79B}.Debug|Win32.ActiveCfg = Debug|Win32
		{1E3131A5-1AA5-41B5-ABFB-02302FFEA79B}.Debug|Win32.Build.0 = Debug|Win32
		{1E3131A5-1AA5-41B5-ABFB-02302FFEA79B}.Release|Win32.ActiveCfg = Release|Win32
		{1E3131A5-1AA5-41B5-ABFB-02302FFEA79B}.Release|Win32.Build.0 = Release|Win32
		{162BF7DF-C8D1-499B-92D5-29F6F1A49DA0}.Debug|Win32.ActiveCfg = Debug|Win32
		{162BF7DF-C8D1-499B-92D5-29F6F1A49DA0}.Debug|Win32.Build.0 = Debug|Win32
		{162BF7DF-C8D1-499B-92D5-29F6F1A49DA0}.Release|Win32.ActiveCfg = Release|Win32
		{162BF7DF-C8D1-499B-92D5-29F6F1A49DA0}.Release|Win32.Build.0 = Release|Win32
		{6356A86F-5DD8-4E6C-B72A-D1F0D3C55539}.Debug|Win32.ActiveCfg = Debug|Win32
		{6356A86F-5DD8-4E6C-B72A-D1F0D3C55539}.Debug|Win32.Build.0 = Debug|Win32
		{6356A86F-5DD8-4E6C-B72A-D1F0D3C55539}.Release|Win32.ActiveCfg = Release|Win32
		{6356A86F-5DD8-4E6C-B72A-D1F0D3C55539}.Release|Win32.Build.0 = Release|Win32
	EndGlobalSection
	GlobalSection(SolutionProperties) = preSolution
		HideSolutionNode = FALSE
	EndGlobalSection
EndGlobal
